
Microsoft Visual Studio Solution File, Format Version 12.00
# Visual Studio Version 16
VisualStudioVersion = 16.0.30523.141
MinimumVisualStudioVersion = 10.0.40219.1
Project("{FAE04EC0-301F-11D3-BF4B-00C04F79EFBC}") = "Terminal", "Terminal\Terminal.csproj", "{9376DF18-B103-400F-815B-73E9DCBAB153}"
EndProject
Project("{9A19103F-16F7-4668-BE54-9A1E7A4F7556}") = "Com", "Com\Com.csproj", "{D3C382D8-1BE4-4C31-8151-43C549DA50FD}"
EndProject
Project("{2150E333-8FDC-42A3-9474-1A3956D46DE8}") = "Solution Items", "Solution Items", "{4D4A94DB-D605-46C3-B801-FB5A73A26321}"
	ProjectSection(SolutionItems) = preProject
		.editorconfig = .editorconfig
	EndProjectSection
EndProject
Global
	GlobalSection(SolutionConfigurationPlatforms) = preSolution
		Debug|Any CPU = Debug|Any CPU
		Release|Any CPU = Release|Any CPU
	EndGlobalSection
	GlobalSection(ProjectConfigurationPlatforms) = postSolution
		{9376DF18-B103-400F-815B-73E9DCBAB153}.Debug|Any CPU.ActiveCfg = Debug|Any CPU
		{9376DF18-B103-400F-815B-73E9DCBAB153}.Debug|Any CPU.Build.0 = Debug|Any CPU
		{9376DF18-B103-400F-815B-73E9DCBAB153}.Release|Any CPU.ActiveCfg = Release|Any CPU
		{9376DF18-B103-400F-815B-73E9DCBAB153}.Release|Any CPU.Build.0 = Release|Any CPU
		{D3C382D8-1BE4-4C31-8151-43C549DA50FD}.Debug|Any CPU.ActiveCfg = Debug|Any CPU
		{D3C382D8-1BE4-4C31-8151-43C549DA50FD}.Debug|Any CPU.Build.0 = Debug|Any CPU
		{D3C382D8-1BE4-4C31-8151-43C549DA50FD}.Release|Any CPU.ActiveCfg = Release|Any CPU
		{D3C382D8-1BE4-4C31-8151-43C549DA50FD}.Release|Any CPU.Build.0 = Release|Any CPU
	EndGlobalSection
	GlobalSection(SolutionProperties) = preSolution
		HideSolutionNode = FALSE
	EndGlobalSection
	GlobalSection(ExtensibilityGlobals) = postSolution
		SolutionGuid = {1560CE9A-78CA-491D-AD55-71102A2248DC}
	EndGlobalSection
EndGlobal
